{
  "name": "JASMINE",
  "lockfileVersion": 2,
  "requires": true,
  "packages": {
    "": {
      "dependencies": {
        "jasmine-standalone": "^1.3.1"
      }
    },
    "node_modules/jasmine-standalone": {
      "version": "1.3.1",
      "resolved": "https://registry.npmjs.org/jasmine-standalone/-/jasmine-standalone-1.3.1.tgz",
      "integrity": "sha1-IMbfNxsyT65aysFfsnXbGhBsE6g=",
      "engines": {
        "node": "*",
        "phantomjs": ">=0.9.0"
      }
    }
  },
  "dependencies": {
    "jasmine-standalone": {
      "version": "1.3.1",
      "resolved": "https://registry.npmjs.org/jasmine-standalone/-/jasmine-standalone-1.3.1.tgz",
      "integrity": "sha1-IMbfNxsyT65aysFfsnXbGhBsE6g="
    }
  }
}
